
Microsoft Visual Studio Solution File, Format Version 12.00
# Visual Studio Version 16
VisualStudioVersion = 16.0.30104.148
MinimumVisualStudioVersion = 10.0.40219.1
Project("{FAE04EC0-301F-11D3-BF4B-00C04F79EFBC}") = "KenSelectScreenAreaBase", "KenSelectScreenAreaBase\KenSelectScreenAreaBase.csproj", "{89EFC6D3-0555-469C-BF90-B61D7F80CF32}"
EndProject
Project("{FAE04EC0-301F-11D3-BF4B-00C04F79EFBC}") = "KenSelectScreenAreaTest", "KenSelectScreenAreaTest\KenSelectScreenAreaTest.csproj", "{ECE52E95-671A-4FFA-970F-65E9BD7DB840}"
EndProject
Global
	GlobalSection(SolutionConfigurationPlatforms) = preSolution
		Debug|Any CPU = Debug|Any CPU
		Release|Any CPU = Release|Any CPU
	EndGlobalSection
	GlobalSection(ProjectConfigurationPlatforms) = postSolution
		{89EFC6D3-0555-469C-BF90-B61D7F80CF32}.Debug|Any CPU.ActiveCfg = Debug|Any CPU
		{89EFC6D3-0555-469C-BF90-B61D7F80CF32}.Debug|Any CPU.Build.0 = Debug|Any CPU
		{89EFC6D3-0555-469C-BF90-B61D7F80CF32}.Release|Any CPU.ActiveCfg = Release|Any CPU
		{89EFC6D3-0555-469C-BF90-B61D7F80CF32}.Release|Any CPU.Build.0 = Release|Any CPU
		{ECE52E95-671A-4FFA-970F-65E9BD7DB840}.Debug|Any CPU.ActiveCfg = Debug|Any CPU
		{ECE52E95-671A-4FFA-970F-65E9BD7DB840}.Debug|Any CPU.Build.0 = Debug|Any CPU
		{ECE52E95-671A-4FFA-970F-65E9BD7DB840}.Release|Any CPU.ActiveCfg = Release|Any CPU
		{ECE52E95-671A-4FFA-970F-65E9BD7DB840}.Release|Any CPU.Build.0 = Release|Any CPU
	EndGlobalSection
	GlobalSection(SolutionProperties) = preSolution
		HideSolutionNode = FALSE
	EndGlobalSection
	GlobalSection(ExtensibilityGlobals) = postSolution
		SolutionGuid = {7B31B0DA-A739-4A8C-B989-BE046C1744B5}
	EndGlobalSection
EndGlobal
